// !$*UTF8*$!
{
	archiveVersion = 1;
	classes = {
	};
	objectVersion = 55;
	objects = {

/* Begin PBXBuildFile section */
		64557044D5194D9D2A08D62F /* Pods_TemplateProject.framework in Frameworks */ = {isa = PBXBuildFile; fileRef = 148B940993CF1EE37800DE82 /* Pods_TemplateProject.framework */; };
		B52B76CA27A6ABBE002BFFB6 /* AppDelegate.swift in Sources */ = {isa = PBXBuildFile; fileRef = B52B76C927A6ABBE002BFFB6 /* AppDelegate.swift */; };
		B52B76CC27A6ABBE002BFFB6 /* SceneDelegate.swift in Sources */ = {isa = PBXBuildFile; fileRef = B52B76CB27A6ABBE002BFFB6 /* SceneDelegate.swift */; };
		B52B76D327A6ABC0002BFFB6 /* Assets.xcassets in Resources */ = {isa = PBXBuildFile; fileRef = B52B76D227A6ABC0002BFFB6 /* Assets.xcassets */; };
		B52B76D627A6ABC0002BFFB6 /* LaunchScreen.storyboard in Resources */ = {isa = PBXBuildFile; fileRef = B52B76D427A6ABC0002BFFB6 /* LaunchScreen.storyboard */; };
		B52B76E027A6AC43002BFFB6 /* BaseVC.swift in Sources */ = {isa = PBXBuildFile; fileRef = B52B76DF27A6AC43002BFFB6 /* BaseVC.swift */; };
		B52B76E227A6AC5D002BFFB6 /* BaseView.swift in Sources */ = {isa = PBXBuildFile; fileRef = B52B76E127A6AC5D002BFFB6 /* BaseView.swift */; };
		B52B76E527A6B200002BFFB6 /* OnboardingVC.swift in Sources */ = {isa = PBXBuildFile; fileRef = B52B76E427A6B200002BFFB6 /* OnboardingVC.swift */; };
		B52B76E727A6B20A002BFFB6 /* OnboardingView.swift in Sources */ = {isa = PBXBuildFile; fileRef = B52B76E627A6B20A002BFFB6 /* OnboardingView.swift */; };
		B52B76EA27A6B3F4002BFFB6 /* AlefData.swift in Sources */ = {isa = PBXBuildFile; fileRef = B52B76E927A6B3F4002BFFB6 /* AlefData.swift */; };
		B52B76EE27A6B5B2002BFFB6 /* Localizer.swift in Sources */ = {isa = PBXBuildFile; fileRef = B52B76ED27A6B5B2002BFFB6 /* Localizer.swift */; };
		B52B76F027A6B5C6002BFFB6 /* AppSettings.swift in Sources */ = {isa = PBXBuildFile; fileRef = B52B76EF27A6B5C6002BFFB6 /* AppSettings.swift */; };
		B52B76F227A6B5F0002BFFB6 /* Theme.swift in Sources */ = {isa = PBXBuildFile; fileRef = B52B76F127A6B5F0002BFFB6 /* Theme.swift */; };
		B52B76F427A6B62C002BFFB6 /* UIButton.swift in Sources */ = {isa = PBXBuildFile; fileRef = B52B76F327A6B62C002BFFB6 /* UIButton.swift */; };
		B52B76F627A6B655002BFFB6 /* Presenter.swift in Sources */ = {isa = PBXBuildFile; fileRef = B52B76F527A6B655002BFFB6 /* Presenter.swift */; };
		B52B76F827A6B6C6002BFFB6 /* WebViewController.swift in Sources */ = {isa = PBXBuildFile; fileRef = B52B76F727A6B6C6002BFFB6 /* WebViewController.swift */; };
		B52B76FC27A6BB21002BFFB6 /* terms.html in Resources */ = {isa = PBXBuildFile; fileRef = B52B76FB27A6BB21002BFFB6 /* terms.html */; };
		B52B76FE27A6BB3A002BFFB6 /* privacy.html in Resources */ = {isa = PBXBuildFile; fileRef = B52B76FD27A6BB3A002BFFB6 /* privacy.html */; };
		B52B770227A6D858002BFFB6 /* Localizable.strings in Resources */ = {isa = PBXBuildFile; fileRef = B52B770427A6D858002BFFB6 /* Localizable.strings */; };
		B538578027E61AC100B7E65C /* UIImageView+Utils.swift in Sources */ = {isa = PBXBuildFile; fileRef = B538577F27E61AC100B7E65C /* UIImageView+Utils.swift */; };
		B538578227E61B4300B7E65C /* BindingGesture.swift in Sources */ = {isa = PBXBuildFile; fileRef = B538578127E61B4300B7E65C /* BindingGesture.swift */; };
		B538578427E61CE500B7E65C /* ScrollView.swift in Sources */ = {isa = PBXBuildFile; fileRef = B538578327E61CE500B7E65C /* ScrollView.swift */; };
		B56ACA2A27F0C6600010AFEA /* empty.json in Resources */ = {isa = PBXBuildFile; fileRef = B56ACA2927F0C6600010AFEA /* empty.json */; };
		B5967F0927C0F00C00CE135B /* Alert.swift in Sources */ = {isa = PBXBuildFile; fileRef = B5967F0827C0F00C00CE135B /* Alert.swift */; };
		B5A4BFEB27FECFF000D4F373 /* where.gif in Resources */ = {isa = PBXBuildFile; fileRef = B5A4BFEA27FECFF000D4F373 /* where.gif */; };
		B5A69F2227E701E000AECF37 /* UIView.swift in Sources */ = {isa = PBXBuildFile; fileRef = B5A69F2127E701E000AECF37 /* UIView.swift */; };
		B5B42B7227E705EA0022309E /* UITableView.swift in Sources */ = {isa = PBXBuildFile; fileRef = B5B42B7127E705EA0022309E /* UITableView.swift */; };
		B5CD761B27A6DC1500E1AEB4 /* Reminder.swift in Sources */ = {isa = PBXBuildFile; fileRef = B5CD761A27A6DC1500E1AEB4 /* Reminder.swift */; };
		B5CD761D27A6DC6600E1AEB4 /* Log.swift in Sources */ = {isa = PBXBuildFile; fileRef = B5CD761C27A6DC6600E1AEB4 /* Log.swift */; };
		B5D17E9927B6D73300021FCE /* Event.swift in Sources */ = {isa = PBXBuildFile; fileRef = B5D17E9827B6D73300021FCE /* Event.swift */; };
		B5D17E9B27B6D7A000021FCE /* ReusableCell.swift in Sources */ = {isa = PBXBuildFile; fileRef = B5D17E9A27B6D7A000021FCE /* ReusableCell.swift */; };
		B5D17E9F27B6D7FA00021FCE /* Loader.swift in Sources */ = {isa = PBXBuildFile; fileRef = B5D17E9E27B6D7FA00021FCE /* Loader.swift */; };
		B5D17EA227B6D9A300021FCE /* loading.json in Resources */ = {isa = PBXBuildFile; fileRef = B5D17EA127B6D9A300021FCE /* loading.json */; };
		B5D17EA427B6DA0300021FCE /* loading_1.json in Resources */ = {isa = PBXBuildFile; fileRef = B5D17EA327B6DA0300021FCE /* loading_1.json */; };
		B5E98D8B27CC8EAC0060F6C6 /* String.swift in Sources */ = {isa = PBXBuildFile; fileRef = B5E98D8A27CC8EAC0060F6C6 /* String.swift */; };
/* End PBXBuildFile section */

/* Begin PBXFileReference section */
		148B940993CF1EE37800DE82 /* Pods_TemplateProject.framework */ = {isa = PBXFileReference; explicitFileType = wrapper.framework; includeInIndex = 0; path = Pods_TemplateProject.framework; sourceTree = BUILT_PRODUCTS_DIR; };
		8828A82A4FC833B2263B4E75 /* Pods-TemplateProject.release.xcconfig */ = {isa = PBXFileReference; includeInIndex = 1; lastKnownFileType = text.xcconfig; name = "Pods-TemplateProject.release.xcconfig"; path = "Target Support Files/Pods-TemplateProject/Pods-TemplateProject.release.xcconfig"; sourceTree = "<group>"; };
		886B7E953DE22217F0EE12D1 /* Pods-TemplateProject.debug.xcconfig */ = {isa = PBXFileReference; includeInIndex = 1; lastKnownFileType = text.xcconfig; name = "Pods-TemplateProject.debug.xcconfig"; path = "Target Support Files/Pods-TemplateProject/Pods-TemplateProject.debug.xcconfig"; sourceTree = "<group>"; };
		B52B76C627A6ABBE002BFFB6 /* TemplateProject.app */ = {isa = PBXFileReference; explicitFileType = wrapper.application; includeInIndex = 0; path = TemplateProject.app; sourceTree = BUILT_PRODUCTS_DIR; };
		B52B76C927A6ABBE002BFFB6 /* AppDelegate.swift */ = {isa = PBXFileReference; lastKnownFileType = sourcecode.swift; path = AppDelegate.swift; sourceTree = "<group>"; };
		B52B76CB27A6ABBE002BFFB6 /* SceneDelegate.swift */ = {isa = PBXFileReference; lastKnownFileType = sourcecode.swift; path = SceneDelegate.swift; sourceTree = "<group>"; };
		B52B76D227A6ABC0002BFFB6 /* Assets.xcassets */ = {isa = PBXFileReference; lastKnownFileType = folder.assetcatalog; path = Assets.xcassets; sourceTree = "<group>"; };
		B52B76D527A6ABC0002BFFB6 /* Base */ = {isa = PBXFileReference; lastKnownFileType = file.storyboard; name = Base; path = Base.lproj/LaunchScreen.storyboard; sourceTree = "<group>"; };
		B52B76D727A6ABC0002BFFB6 /* Info.plist */ = {isa = PBXFileReference; lastKnownFileType = text.plist.xml; path = Info.plist; sourceTree = "<group>"; };
		B52B76DF27A6AC43002BFFB6 /* BaseVC.swift */ = {isa = PBXFileReference; lastKnownFileType = sourcecode.swift; path = BaseVC.swift; sourceTree = "<group>"; };
		B52B76E127A6AC5D002BFFB6 /* BaseView.swift */ = {isa = PBXFileReference; lastKnownFileType = sourcecode.swift; path = BaseView.swift; sourceTree = "<group>"; };
		B52B76E427A6B200002BFFB6 /* OnboardingVC.swift */ = {isa = PBXFileReference; lastKnownFileType = sourcecode.swift; path = OnboardingVC.swift; sourceTree = "<group>"; };
		B52B76E627A6B20A002BFFB6 /* OnboardingView.swift */ = {isa = PBXFileReference; lastKnownFileType = sourcecode.swift; path = OnboardingView.swift; sourceTree = "<group>"; };
		B52B76E927A6B3F4002BFFB6 /* AlefData.swift */ = {isa = PBXFileReference; lastKnownFileType = sourcecode.swift; path = AlefData.swift; sourceTree = "<group>"; };
		B52B76ED27A6B5B2002BFFB6 /* Localizer.swift */ = {isa = PBXFileReference; lastKnownFileType = sourcecode.swift; path = Localizer.swift; sourceTree = "<group>"; };
		B52B76EF27A6B5C6002BFFB6 /* AppSettings.swift */ = {isa = PBXFileReference; lastKnownFileType = sourcecode.swift; path = AppSettings.swift; sourceTree = "<group>"; };
		B52B76F127A6B5F0002BFFB6 /* Theme.swift */ = {isa = PBXFileReference; lastKnownFileType = sourcecode.swift; path = Theme.swift; sourceTree = "<group>"; };
		B52B76F327A6B62C002BFFB6 /* UIButton.swift */ = {isa = PBXFileReference; lastKnownFileType = sourcecode.swift; path = UIButton.swift; sourceTree = "<group>"; };
		B52B76F527A6B655002BFFB6 /* Presenter.swift */ = {isa = PBXFileReference; lastKnownFileType = sourcecode.swift; path = Presenter.swift; sourceTree = "<group>"; };
		B52B76F727A6B6C6002BFFB6 /* WebViewController.swift */ = {isa = PBXFileReference; lastKnownFileType = sourcecode.swift; path = WebViewController.swift; sourceTree = "<group>"; };
		B52B76FB27A6BB21002BFFB6 /* terms.html */ = {isa = PBXFileReference; lastKnownFileType = text.html; path = terms.html; sourceTree = "<group>"; };
		B52B76FD27A6BB3A002BFFB6 /* privacy.html */ = {isa = PBXFileReference; lastKnownFileType = text.html; path = privacy.html; sourceTree = "<group>"; };
		B52B770327A6D858002BFFB6 /* en */ = {isa = PBXFileReference; lastKnownFileType = text.plist.strings; name = en; path = en.lproj/Localizable.strings; sourceTree = "<group>"; };
		B52B770527A6D88F002BFFB6 /* ru */ = {isa = PBXFileReference; lastKnownFileType = text.plist.strings; name = ru; path = ru.lproj/LaunchScreen.strings; sourceTree = "<group>"; };
		B52B770627A6D88F002BFFB6 /* ru */ = {isa = PBXFileReference; lastKnownFileType = text.plist.strings; name = ru; path = ru.lproj/Localizable.strings; sourceTree = "<group>"; };
		B538577F27E61AC100B7E65C /* UIImageView+Utils.swift */ = {isa = PBXFileReference; lastKnownFileType = sourcecode.swift; path = "UIImageView+Utils.swift"; sourceTree = "<group>"; };
		B538578127E61B4300B7E65C /* BindingGesture.swift */ = {isa = PBXFileReference; lastKnownFileType = sourcecode.swift; path = BindingGesture.swift; sourceTree = "<group>"; };
		B538578327E61CE500B7E65C /* ScrollView.swift */ = {isa = PBXFileReference; lastKnownFileType = sourcecode.swift; path = ScrollView.swift; sourceTree = "<group>"; };
		B56ACA2927F0C6600010AFEA /* empty.json */ = {isa = PBXFileReference; fileEncoding = 4; lastKnownFileType = text.json; path = empty.json; sourceTree = "<group>"; };
		B5967F0827C0F00C00CE135B /* Alert.swift */ = {isa = PBXFileReference; lastKnownFileType = sourcecode.swift; path = Alert.swift; sourceTree = "<group>"; };
		B5A4BFEA27FECFF000D4F373 /* where.gif */ = {isa = PBXFileReference; lastKnownFileType = image.gif; path = where.gif; sourceTree = "<group>"; };
		B5A69F2127E701E000AECF37 /* UIView.swift */ = {isa = PBXFileReference; lastKnownFileType = sourcecode.swift; path = UIView.swift; sourceTree = "<group>"; };
		B5B42B7127E705EA0022309E /* UITableView.swift */ = {isa = PBXFileReference; lastKnownFileType = sourcecode.swift; path = UITableView.swift; sourceTree = "<group>"; };
		B5CD761A27A6DC1500E1AEB4 /* Reminder.swift */ = {isa = PBXFileReference; lastKnownFileType = sourcecode.swift; path = Reminder.swift; sourceTree = "<group>"; };
		B5CD761C27A6DC6600E1AEB4 /* Log.swift */ = {isa = PBXFileReference; lastKnownFileType = sourcecode.swift; path = Log.swift; sourceTree = "<group>"; };
		B5D17E9827B6D73300021FCE /* Event.swift */ = {isa = PBXFileReference; lastKnownFileType = sourcecode.swift; path = Event.swift; sourceTree = "<group>"; };
		B5D17E9A27B6D7A000021FCE /* ReusableCell.swift */ = {isa = PBXFileReference; lastKnownFileType = sourcecode.swift; path = ReusableCell.swift; sourceTree = "<group>"; };
		B5D17E9E27B6D7FA00021FCE /* Loader.swift */ = {isa = PBXFileReference; lastKnownFileType = sourcecode.swift; path = Loader.swift; sourceTree = "<group>"; };
		B5D17EA127B6D9A300021FCE /* loading.json */ = {isa = PBXFileReference; fileEncoding = 4; lastKnownFileType = text.json; path = loading.json; sourceTree = "<group>"; };
		B5D17EA327B6DA0300021FCE /* loading_1.json */ = {isa = PBXFileReference; fileEncoding = 4; lastKnownFileType = text.json; path = loading_1.json; sourceTree = "<group>"; };
		B5E98D8A27CC8EAC0060F6C6 /* String.swift */ = {isa = PBXFileReference; lastKnownFileType = sourcecode.swift; path = String.swift; sourceTree = "<group>"; };
/* End PBXFileReference section */

/* Begin PBXFrameworksBuildPhase section */
		B52B76C327A6ABBE002BFFB6 /* Frameworks */ = {
			isa = PBXFrameworksBuildPhase;
			buildActionMask = 2147483647;
			files = (
				64557044D5194D9D2A08D62F /* Pods_TemplateProject.framework in Frameworks */,
			);
			runOnlyForDeploymentPostprocessing = 0;
		};
/* End PBXFrameworksBuildPhase section */

/* Begin PBXGroup section */
		5B34B4BDE1E39EFD545A9473 /* Pods */ = {
			isa = PBXGroup;
			children = (
				886B7E953DE22217F0EE12D1 /* Pods-TemplateProject.debug.xcconfig */,
				8828A82A4FC833B2263B4E75 /* Pods-TemplateProject.release.xcconfig */,
			);
			path = Pods;
			sourceTree = "<group>";
		};
		B2D7D870515B3BC0ABB0C950 /* Frameworks */ = {
			isa = PBXGroup;
			children = (
				148B940993CF1EE37800DE82 /* Pods_TemplateProject.framework */,
			);
			name = Frameworks;
			sourceTree = "<group>";
		};
		B52B76BD27A6ABBE002BFFB6 = {
			isa = PBXGroup;
			children = (
				B52B76C827A6ABBE002BFFB6 /* TemplateProject */,
				B52B76C727A6ABBE002BFFB6 /* Products */,
				5B34B4BDE1E39EFD545A9473 /* Pods */,
				B2D7D870515B3BC0ABB0C950 /* Frameworks */,
			);
			sourceTree = "<group>";
		};
		B52B76C727A6ABBE002BFFB6 /* Products */ = {
			isa = PBXGroup;
			children = (
				B52B76C627A6ABBE002BFFB6 /* TemplateProject.app */,
			);
			name = Products;
			sourceTree = "<group>";
		};
		B52B76C827A6ABBE002BFFB6 /* TemplateProject */ = {
			isa = PBXGroup;
			children = (
				B52B76D727A6ABC0002BFFB6 /* Info.plist */,
				B52B76DD27A6ABD5002BFFB6 /* App */,
				B52B76EC27A6B590002BFFB6 /* Helpers */,
				B52B76DE27A6ABE6002BFFB6 /* Resources */,
				B52B76EB27A6B588002BFFB6 /* Screens */,
			);
			path = TemplateProject;
			sourceTree = "<group>";
		};
		B52B76DD27A6ABD5002BFFB6 /* App */ = {
			isa = PBXGroup;
			children = (
				B52B76E327A6AC64002BFFB6 /* Base */,
				B52B76C927A6ABBE002BFFB6 /* AppDelegate.swift */,
				B52B76CB27A6ABBE002BFFB6 /* SceneDelegate.swift */,
			);
			path = App;
			sourceTree = "<group>";
		};
		B52B76DE27A6ABE6002BFFB6 /* Resources */ = {
			isa = PBXGroup;
			children = (
				B5D17EA027B6D81B00021FCE /* Animations */,
				B52B76FF27A6BB4E002BFFB6 /* HTML */,
				B52B76D227A6ABC0002BFFB6 /* Assets.xcassets */,
				B52B76D427A6ABC0002BFFB6 /* LaunchScreen.storyboard */,
				B52B770427A6D858002BFFB6 /* Localizable.strings */,
			);
			path = Resources;
			sourceTree = "<group>";
		};
		B52B76E327A6AC64002BFFB6 /* Base */ = {
			isa = PBXGroup;
			children = (
				B52B76DF27A6AC43002BFFB6 /* BaseVC.swift */,
				B52B76E127A6AC5D002BFFB6 /* BaseView.swift */,
				B538578327E61CE500B7E65C /* ScrollView.swift */,
			);
			path = Base;
			sourceTree = "<group>";
		};
		B52B76E827A6B338002BFFB6 /* Onboarding */ = {
			isa = PBXGroup;
			children = (
				B52B76E427A6B200002BFFB6 /* OnboardingVC.swift */,
				B52B76E627A6B20A002BFFB6 /* OnboardingView.swift */,
			);
			path = Onboarding;
			sourceTree = "<group>";
		};
		B52B76EB27A6B588002BFFB6 /* Screens */ = {
			isa = PBXGroup;
			children = (
				B52B76E827A6B338002BFFB6 /* Onboarding */,
			);
			path = Screens;
			sourceTree = "<group>";
		};
		B52B76EC27A6B590002BFFB6 /* Helpers */ = {
			isa = PBXGroup;
			children = (
				B5D17E9D27B6D7CB00021FCE /* System */,
				B5D17E9C27B6D7AA00021FCE /* UI */,
			);
			path = Helpers;
			sourceTree = "<group>";
		};
		B52B76FF27A6BB4E002BFFB6 /* HTML */ = {
			isa = PBXGroup;
			children = (
				B52B76FB27A6BB21002BFFB6 /* terms.html */,
				B52B76FD27A6BB3A002BFFB6 /* privacy.html */,
			);
			path = HTML;
			sourceTree = "<group>";
		};
		B5D17E9C27B6D7AA00021FCE /* UI */ = {
			isa = PBXGroup;
			children = (
				B52B76F527A6B655002BFFB6 /* Presenter.swift */,
				B52B76F727A6B6C6002BFFB6 /* WebViewController.swift */,
				B52B76F127A6B5F0002BFFB6 /* Theme.swift */,
				B5967F0827C0F00C00CE135B /* Alert.swift */,
				B5D17E9E27B6D7FA00021FCE /* Loader.swift */,
				B52B76F327A6B62C002BFFB6 /* UIButton.swift */,
				B5D17E9A27B6D7A000021FCE /* ReusableCell.swift */,
				B5A69F2127E701E000AECF37 /* UIView.swift */,
				B5B42B7127E705EA0022309E /* UITableView.swift */,
			);
			path = UI;
			sourceTree = "<group>";
		};
		B5D17E9D27B6D7CB00021FCE /* System */ = {
			isa = PBXGroup;
			children = (
				B5CD761C27A6DC6600E1AEB4 /* Log.swift */,
				B5CD761A27A6DC1500E1AEB4 /* Reminder.swift */,
				B52B76E927A6B3F4002BFFB6 /* AlefData.swift */,
				B52B76ED27A6B5B2002BFFB6 /* Localizer.swift */,
				B5D17E9827B6D73300021FCE /* Event.swift */,
				B52B76EF27A6B5C6002BFFB6 /* AppSettings.swift */,
				B538577F27E61AC100B7E65C /* UIImageView+Utils.swift */,
				B538578127E61B4300B7E65C /* BindingGesture.swift */,
				B5E98D8A27CC8EAC0060F6C6 /* String.swift */,
			);
			path = System;
			sourceTree = "<group>";
		};
		B5D17EA027B6D81B00021FCE /* Animations */ = {
			isa = PBXGroup;
			children = (
				B5A4BFEA27FECFF000D4F373 /* where.gif */,
				B5D17EA127B6D9A300021FCE /* loading.json */,
				B5D17EA327B6DA0300021FCE /* loading_1.json */,
				B56ACA2927F0C6600010AFEA /* empty.json */,
			);
			path = Animations;
			sourceTree = "<group>";
		};
/* End PBXGroup section */

/* Begin PBXNativeTarget section */
		B52B76C527A6ABBE002BFFB6 /* TemplateProject */ = {
			isa = PBXNativeTarget;
			buildConfigurationList = B52B76DA27A6ABC0002BFFB6 /* Build configuration list for PBXNativeTarget "TemplateProject" */;
			buildPhases = (
				B40C9BBB55A2662058E40842 /* [CP] Check Pods Manifest.lock */,
				B52B76C227A6ABBE002BFFB6 /* Sources */,
				B52B76C327A6ABBE002BFFB6 /* Frameworks */,
				B52B76C427A6ABBE002BFFB6 /* Resources */,
				8346A96CED9FAEE528FE1D1D /* [CP] Embed Pods Frameworks */,
			);
			buildRules = (
			);
			dependencies = (
			);
			name = TemplateProject;
			productName = TemplateProject;
			productReference = B52B76C627A6ABBE002BFFB6 /* TemplateProject.app */;
			productType = "com.apple.product-type.application";
		};
/* End PBXNativeTarget section */

/* Begin PBXProject section */
		B52B76BE27A6ABBE002BFFB6 /* Project object */ = {
			isa = PBXProject;
			attributes = {
				BuildIndependentTargetsInParallel = 1;
				LastSwiftUpdateCheck = 1310;
				LastUpgradeCheck = 1310;
				TargetAttributes = {
					B52B76C527A6ABBE002BFFB6 = {
						CreatedOnToolsVersion = 13.1;
					};
				};
			};
			buildConfigurationList = B52B76C127A6ABBE002BFFB6 /* Build configuration list for PBXProject "TemplateProject" */;
			compatibilityVersion = "Xcode 13.0";
			developmentRegion = en;
			hasScannedForEncodings = 0;
			knownRegions = (
				en,
				Base,
				ru,
			);
			mainGroup = B52B76BD27A6ABBE002BFFB6;
			productRefGroup = B52B76C727A6ABBE002BFFB6 /* Products */;
			projectDirPath = "";
			projectRoot = "";
			targets = (
				B52B76C527A6ABBE002BFFB6 /* TemplateProject */,
			);
		};
/* End PBXProject section */

/* Begin PBXResourcesBuildPhase section */
		B52B76C427A6ABBE002BFFB6 /* Resources */ = {
			isa = PBXResourcesBuildPhase;
			buildActionMask = 2147483647;
			files = (
				B52B770227A6D858002BFFB6 /* Localizable.strings in Resources */,
				B5A4BFEB27FECFF000D4F373 /* where.gif in Resources */,
				B56ACA2A27F0C6600010AFEA /* empty.json in Resources */,
				B52B76D627A6ABC0002BFFB6 /* LaunchScreen.storyboard in Resources */,
				B52B76FE27A6BB3A002BFFB6 /* privacy.html in Resources */,
				B52B76D327A6ABC0002BFFB6 /* Assets.xcassets in Resources */,
				B52B76FC27A6BB21002BFFB6 /* terms.html in Resources */,
				B5D17EA427B6DA0300021FCE /* loading_1.json in Resources */,
				B5D17EA227B6D9A300021FCE /* loading.json in Resources */,
			);
			runOnlyForDeploymentPostprocessing = 0;
		};
/* End PBXResourcesBuildPhase section */

/* Begin PBXShellScriptBuildPhase section */
		8346A96CED9FAEE528FE1D1D /* [CP] Embed Pods Frameworks */ = {
			isa = PBXShellScriptBuildPhase;
			buildActionMask = 2147483647;
			files = (
			);
			inputFileListPaths = (
				"${PODS_ROOT}/Target Support Files/Pods-TemplateProject/Pods-TemplateProject-frameworks-${CONFIGURATION}-input-files.xcfilelist",
			);
			name = "[CP] Embed Pods Frameworks";
			outputFileListPaths = (
				"${PODS_ROOT}/Target Support Files/Pods-TemplateProject/Pods-TemplateProject-frameworks-${CONFIGURATION}-output-files.xcfilelist",
			);
			runOnlyForDeploymentPostprocessing = 0;
			shellPath = /bin/sh;
			shellScript = "\"${PODS_ROOT}/Target Support Files/Pods-TemplateProject/Pods-TemplateProject-frameworks.sh\"\n";
			showEnvVarsInLog = 0;
		};
		B40C9BBB55A2662058E40842 /* [CP] Check Pods Manifest.lock */ = {
			isa = PBXShellScriptBuildPhase;
			buildActionMask = 2147483647;
			files = (
			);
			inputFileListPaths = (
			);
			inputPaths = (
				"${PODS_PODFILE_DIR_PATH}/Podfile.lock",
				"${PODS_ROOT}/Manifest.lock",
			);
			name = "[CP] Check Pods Manifest.lock";
			outputFileListPaths = (
			);
			outputPaths = (
				"$(DERIVED_FILE_DIR)/Pods-TemplateProject-checkManifestLockResult.txt",
			);
			runOnlyForDeploymentPostprocessing = 0;
			shellPath = /bin/sh;
			shellScript = "diff \"${PODS_PODFILE_DIR_PATH}/Podfile.lock\" \"${PODS_ROOT}/Manifest.lock\" > /dev/null\nif [ $? != 0 ] ; then\n    # print error to STDERR\n    echo \"error: The sandbox is not in sync with the Podfile.lock. Run 'pod install' or update your CocoaPods installation.\" >&2\n    exit 1\nfi\n# This output is used by Xcode 'outputs' to avoid re-running this script phase.\necho \"SUCCESS\" > \"${SCRIPT_OUTPUT_FILE_0}\"\n";
			showEnvVarsInLog = 0;
		};
/* End PBXShellScriptBuildPhase section */

/* Begin PBXSourcesBuildPhase section */
		B52B76C227A6ABBE002BFFB6 /* Sources */ = {
			isa = PBXSourcesBuildPhase;
			buildActionMask = 2147483647;
			files = (
				B52B76E027A6AC43002BFFB6 /* BaseVC.swift in Sources */,
				B5CD761B27A6DC1500E1AEB4 /* Reminder.swift in Sources */,
				B5E98D8B27CC8EAC0060F6C6 /* String.swift in Sources */,
				B5CD761D27A6DC6600E1AEB4 /* Log.swift in Sources */,
				B52B76CA27A6ABBE002BFFB6 /* AppDelegate.swift in Sources */,
				B52B76E527A6B200002BFFB6 /* OnboardingVC.swift in Sources */,
				B5967F0927C0F00C00CE135B /* Alert.swift in Sources */,
				B52B76E727A6B20A002BFFB6 /* OnboardingView.swift in Sources */,
				B52B76EA27A6B3F4002BFFB6 /* AlefData.swift in Sources */,
				B52B76F027A6B5C6002BFFB6 /* AppSettings.swift in Sources */,
				B5D17E9F27B6D7FA00021FCE /* Loader.swift in Sources */,
				B538578427E61CE500B7E65C /* ScrollView.swift in Sources */,
				B5B42B7227E705EA0022309E /* UITableView.swift in Sources */,
				B5D17E9927B6D73300021FCE /* Event.swift in Sources */,
				B52B76F627A6B655002BFFB6 /* Presenter.swift in Sources */,
				B52B76CC27A6ABBE002BFFB6 /* SceneDelegate.swift in Sources */,
				B52B76F227A6B5F0002BFFB6 /* Theme.swift in Sources */,
				B5A69F2227E701E000AECF37 /* UIView.swift in Sources */,
				B538578227E61B4300B7E65C /* BindingGesture.swift in Sources */,
				B52B76F427A6B62C002BFFB6 /* UIButton.swift in Sources */,
				B538578027E61AC100B7E65C /* UIImageView+Utils.swift in Sources */,
				B52B76E227A6AC5D002BFFB6 /* BaseView.swift in Sources */,
				B52B76F827A6B6C6002BFFB6 /* WebViewController.swift in Sources */,
				B52B76EE27A6B5B2002BFFB6 /* Localizer.swift in Sources */,
				B5D17E9B27B6D7A000021FCE /* ReusableCell.swift in Sources */,
			);
			runOnlyForDeploymentPostprocessing = 0;
		};
/* End PBXSourcesBuildPhase section */

/* Begin PBXVariantGroup section */
		B52B76D427A6ABC0002BFFB6 /* LaunchScreen.storyboard */ = {
			isa = PBXVariantGroup;
			children = (
				B52B76D527A6ABC0002BFFB6 /* Base */,
				B52B770527A6D88F002BFFB6 /* ru */,
			);
			name = LaunchScreen.storyboard;
			sourceTree = "<group>";
		};
		B52B770427A6D858002BFFB6 /* Localizable.strings */ = {
			isa = PBXVariantGroup;
			children = (
				B52B770327A6D858002BFFB6 /* en */,
				B52B770627A6D88F002BFFB6 /* ru */,
			);
			name = Localizable.strings;
			sourceTree = "<group>";
		};
/* End PBXVariantGroup section */

/* Begin XCBuildConfiguration section */
		B52B76D827A6ABC0002BFFB6 /* Debug */ = {
			isa = XCBuildConfiguration;
			buildSettings = {
				ALWAYS_SEARCH_USER_PATHS = NO;
				CLANG_ANALYZER_LOCALIZABILITY_NONLOCALIZED = YES;
				CLANG_ANALYZER_NONNULL = YES;
				CLANG_ANALYZER_NUMBER_OBJECT_CONVERSION = YES_AGGRESSIVE;
				CLANG_CXX_LANGUAGE_STANDARD = "gnu++17";
				CLANG_CXX_LIBRARY = "libc++";
				CLANG_ENABLE_MODULES = YES;
				CLANG_ENABLE_OBJC_ARC = YES;
				CLANG_ENABLE_OBJC_WEAK = YES;
				CLANG_WARN_BLOCK_CAPTURE_AUTORELEASING = YES;
				CLANG_WARN_BOOL_CONVERSION = YES;
				CLANG_WARN_COMMA = YES;
				CLANG_WARN_CONSTANT_CONVERSION = YES;
				CLANG_WARN_DEPRECATED_OBJC_IMPLEMENTATIONS = YES;
				CLANG_WARN_DIRECT_OBJC_ISA_USAGE = YES_ERROR;
				CLANG_WARN_DOCUMENTATION_COMMENTS = YES;
				CLANG_WARN_EMPTY_BODY = YES;
				CLANG_WARN_ENUM_CONVERSION = YES;
				CLANG_WARN_INFINITE_RECURSION = YES;
				CLANG_WARN_INT_CONVERSION = YES;
				CLANG_WARN_NON_LITERAL_NULL_CONVERSION = YES;
				CLANG_WARN_OBJC_IMPLICIT_RETAIN_SELF = YES;
				CLANG_WARN_OBJC_LITERAL_CONVERSION = YES;
				CLANG_WARN_OBJC_ROOT_CLASS = YES_ERROR;
				CLANG_WARN_QUOTED_INCLUDE_IN_FRAMEWORK_HEADER = YES;
				CLANG_WARN_RANGE_LOOP_ANALYSIS = YES;
				CLANG_WARN_STRICT_PROTOTYPES = YES;
				CLANG_WARN_SUSPICIOUS_MOVE = YES;
				CLANG_WARN_UNGUARDED_AVAILABILITY = YES_AGGRESSIVE;
				CLANG_WARN_UNREACHABLE_CODE = YES;
				CLANG_WARN__DUPLICATE_METHOD_MATCH = YES;
				COPY_PHASE_STRIP = NO;
				DEBUG_INFORMATION_FORMAT = dwarf;
				ENABLE_STRICT_OBJC_MSGSEND = YES;
				ENABLE_TESTABILITY = YES;
				GCC_C_LANGUAGE_STANDARD = gnu11;
				GCC_DYNAMIC_NO_PIC = NO;
				GCC_NO_COMMON_BLOCKS = YES;
				GCC_OPTIMIZATION_LEVEL = 0;
				GCC_PREPROCESSOR_DEFINITIONS = (
					"DEBUG=1",
					"$(inherited)",
				);
				GCC_WARN_64_TO_32_BIT_CONVERSION = YES;
				GCC_WARN_ABOUT_RETURN_TYPE = YES_ERROR;
				GCC_WARN_UNDECLARED_SELECTOR = YES;
				GCC_WARN_UNINITIALIZED_AUTOS = YES_AGGRESSIVE;
				GCC_WARN_UNUSED_FUNCTION = YES;
				GCC_WARN_UNUSED_VARIABLE = YES;
				IPHONEOS_DEPLOYMENT_TARGET = 13.0;
				MTL_ENABLE_DEBUG_INFO = INCLUDE_SOURCE;
				MTL_FAST_MATH = YES;
				ONLY_ACTIVE_ARCH = YES;
				SDKROOT = iphoneos;
				SWIFT_ACTIVE_COMPILATION_CONDITIONS = DEBUG;
				SWIFT_OPTIMIZATION_LEVEL = "-Onone";
			};
			name = Debug;
		};
		B52B76D927A6ABC0002BFFB6 /* Release */ = {
			isa = XCBuildConfiguration;
			buildSettings = {
				ALWAYS_SEARCH_USER_PATHS = NO;
				CLANG_ANALYZER_LOCALIZABILITY_NONLOCALIZED = YES;
				CLANG_ANALYZER_NONNULL = YES;
				CLANG_ANALYZER_NUMBER_OBJECT_CONVERSION = YES_AGGRESSIVE;
				CLANG_CXX_LANGUAGE_STANDARD = "gnu++17";
				CLANG_CXX_LIBRARY = "libc++";
				CLANG_ENABLE_MODULES = YES;
				CLANG_ENABLE_OBJC_ARC = YES;
				CLANG_ENABLE_OBJC_WEAK = YES;
				CLANG_WARN_BLOCK_CAPTURE_AUTORELEASING = YES;
				CLANG_WARN_BOOL_CONVERSION = YES;
				CLANG_WARN_COMMA = YES;
				CLANG_WARN_CONSTANT_CONVERSION = YES;
				CLANG_WARN_DEPRECATED_OBJC_IMPLEMENTATIONS = YES;
				CLANG_WARN_DIRECT_OBJC_ISA_USAGE = YES_ERROR;
				CLANG_WARN_DOCUMENTATION_COMMENTS = YES;
				CLANG_WARN_EMPTY_BODY = YES;
				CLANG_WARN_ENUM_CONVERSION = YES;
				CLANG_WARN_INFINITE_RECURSION = YES;
				CLANG_WARN_INT_CONVERSION = YES;
				CLANG_WARN_NON_LITERAL_NULL_CONVERSION = YES;
				CLANG_WARN_OBJC_IMPLICIT_RETAIN_SELF = YES;
				CLANG_WARN_OBJC_LITERAL_CONVERSION = YES;
				CLANG_WARN_OBJC_ROOT_CLASS = YES_ERROR;
				CLANG_WARN_QUOTED_INCLUDE_IN_FRAMEWORK_HEADER = YES;
				CLANG_WARN_RANGE_LOOP_ANALYSIS = YES;
				CLANG_WARN_STRICT_PROTOTYPES = YES;
				CLANG_WARN_SUSPICIOUS_MOVE = YES;
				CLANG_WARN_UNGUARDED_AVAILABILITY = YES_AGGRESSIVE;
				CLANG_WARN_UNREACHABLE_CODE = YES;
				CLANG_WARN__DUPLICATE_METHOD_MATCH = YES;
				COPY_PHASE_STRIP = NO;
				DEBUG_INFORMATION_FORMAT = "dwarf-with-dsym";
				ENABLE_NS_ASSERTIONS = NO;
				ENABLE_STRICT_OBJC_MSGSEND = YES;
				GCC_C_LANGUAGE_STANDARD = gnu11;
				GCC_NO_COMMON_BLOCKS = YES;
				GCC_WARN_64_TO_32_BIT_CONVERSION = YES;
				GCC_WARN_ABOUT_RETURN_TYPE = YES_ERROR;
				GCC_WARN_UNDECLARED_SELECTOR = YES;
				GCC_WARN_UNINITIALIZED_AUTOS = YES_AGGRESSIVE;
				GCC_WARN_UNUSED_FUNCTION = YES;
				GCC_WARN_UNUSED_VARIABLE = YES;
				IPHONEOS_DEPLOYMENT_TARGET = 13.0;
				MTL_ENABLE_DEBUG_INFO = NO;
				MTL_FAST_MATH = YES;
				SDKROOT = iphoneos;
				SWIFT_COMPILATION_MODE = wholemodule;
				SWIFT_OPTIMIZATION_LEVEL = "-O";
				VALIDATE_PRODUCT = YES;
			};
			name = Release;
		};
		B52B76DB27A6ABC0002BFFB6 /* Debug */ = {
			isa = XCBuildConfiguration;
			baseConfigurationReference = 886B7E953DE22217F0EE12D1 /* Pods-TemplateProject.debug.xcconfig */;
			buildSettings = {
				ASSETCATALOG_COMPILER_APPICON_NAME = AppIcon;
				ASSETCATALOG_COMPILER_GLOBAL_ACCENT_COLOR_NAME = AccentColor;
				CODE_SIGN_STYLE = Automatic;
				CURRENT_PROJECT_VERSION = 1;
				DEVELOPMENT_TEAM = 95D67VXK3X;
				GENERATE_INFOPLIST_FILE = YES;
				INFOPLIST_FILE = TemplateProject/Info.plist;
				INFOPLIST_KEY_UIApplicationSupportsIndirectInputEvents = YES;
				INFOPLIST_KEY_UILaunchStoryboardName = LaunchScreen;
				INFOPLIST_KEY_UISupportedInterfaceOrientations = "UIInterfaceOrientationLandscapeLeft UIInterfaceOrientationLandscapeRight UIInterfaceOrientationPortrait UIInterfaceOrientationPortraitUpsideDown";
				INFOPLIST_KEY_UISupportedInterfaceOrientations_iPad = "UIInterfaceOrientationPortrait UIInterfaceOrientationPortraitUpsideDown UIInterfaceOrientationLandscapeLeft UIInterfaceOrientationLandscapeRight";
				INFOPLIST_KEY_UISupportedInterfaceOrientations_iPhone = "UIInterfaceOrientationPortrait UIInterfaceOrientationLandscapeLeft UIInterfaceOrientationLandscapeRight";
				LD_RUNPATH_SEARCH_PATHS = (
					"$(inherited)",
					"@executable_path/Frameworks",
				);
				MARKETING_VERSION = 1.0;
				PRODUCT_BUNDLE_IDENTIFIER = ru.mustdev.TemplateProject;
				PRODUCT_NAME = "$(TARGET_NAME)";
				SWIFT_EMIT_LOC_STRINGS = YES;
				SWIFT_VERSION = 5.0;
				TARGETED_DEVICE_FAMILY = "1,2";
			};
			name = Debug;
		};
		B52B76DC27A6ABC0002BFFB6 /* Release */ = {
			isa = XCBuildConfiguration;
			baseConfigurationReference = 8828A82A4FC833B2263B4E75 /* Pods-TemplateProject.release.xcconfig */;
			buildSettings = {
				ASSETCATALOG_COMPILER_APPICON_NAME = AppIcon;
				ASSETCATALOG_COMPILER_GLOBAL_ACCENT_COLOR_NAME = AccentColor;
				CODE_SIGN_STYLE = Automatic;
				CURRENT_PROJECT_VERSION = 1;
				DEVELOPMENT_TEAM = 95D67VXK3X;
				GENERATE_INFOPLIST_FILE = YES;
				INFOPLIST_FILE = TemplateProject/Info.plist;
				INFOPLIST_KEY_UIApplicationSupportsIndirectInputEvents = YES;
				INFOPLIST_KEY_UILaunchStoryboardName = LaunchScreen;
				INFOPLIST_KEY_UISupportedInterfaceOrientations = "UIInterfaceOrientationLandscapeLeft UIInterfaceOrientationLandscapeRight UIInterfaceOrientationPortrait UIInterfaceOrientationPortraitUpsideDown";
				INFOPLIST_KEY_UISupportedInterfaceOrientations_iPad = "UIInterfaceOrientationPortrait UIInterfaceOrientationPortraitUpsideDown UIInterfaceOrientationLandscapeLeft UIInterfaceOrientationLandscapeRight";
				INFOPLIST_KEY_UISupportedInterfaceOrientations_iPhone = "UIInterfaceOrientationPortrait UIInterfaceOrientationLandscapeLeft UIInterfaceOrientationLandscapeRight";
				LD_RUNPATH_SEARCH_PATHS = (
					"$(inherited)",
					"@executable_path/Frameworks",
				);
				MARKETING_VERSION = 1.0;
				PRODUCT_BUNDLE_IDENTIFIER = ru.mustdev.TemplateProject;
				PRODUCT_NAME = "$(TARGET_NAME)";
				SWIFT_EMIT_LOC_STRINGS = YES;
				SWIFT_VERSION = 5.0;
				TARGETED_DEVICE_FAMILY = "1,2";
			};
			name = Release;
		};
/* End XCBuildConfiguration section */

/* Begin XCConfigurationList section */
		B52B76C127A6ABBE002BFFB6 /* Build configuration list for PBXProject "TemplateProject" */ = {
			isa = XCConfigurationList;
			buildConfigurations = (
				B52B76D827A6ABC0002BFFB6 /* Debug */,
				B52B76D927A6ABC0002BFFB6 /* Release */,
			);
			defaultConfigurationIsVisible = 0;
			defaultConfigurationName = Release;
		};
		B52B76DA27A6ABC0002BFFB6 /* Build configuration list for PBXNativeTarget "TemplateProject" */ = {
			isa = XCConfigurationList;
			buildConfigurations = (
				B52B76DB27A6ABC0002BFFB6 /* Debug */,
				B52B76DC27A6ABC0002BFFB6 /* Release */,
			);
			defaultConfigurationIsVisible = 0;
			defaultConfigurationName = Release;
		};
/* End XCConfigurationList section */
	};
	rootObject = B52B76BE27A6ABBE002BFFB6 /* Project object */;
}
