// !$*UTF8*$!
{
	archiveVersion = 1;
	classes = {
	};
	objectVersion = 55;
	objects = {

/* Begin PBXBuildFile section */
		B52B76CA27A6ABBE002BFFB6 /* AppDelegate.swift in Sources */ = {isa = PBXBuildFile; fileRef = B52B76C927A6ABBE002BFFB6 /* AppDelegate.swift */; };
		B52B76CC27A6ABBE002BFFB6 /* SceneDelegate.swift in Sources */ = {isa = PBXBuildFile; fileRef = B52B76CB27A6ABBE002BFFB6 /* SceneDelegate.swift */; };
		B52B76D327A6ABC0002BFFB6 /* Assets.xcassets in Resources */ = {isa = PBXBuildFile; fileRef = B52B76D227A6ABC0002BFFB6 /* Assets.xcassets */; };
		B52B76D627A6ABC0002BFFB6 /* LaunchScreen.storyboard in Resources */ = {isa = PBXBuildFile; fileRef = B52B76D427A6ABC0002BFFB6 /* LaunchScreen.storyboard */; };
		B52B76E027A6AC43002BFFB6 /* BaseVC.swift in Sources */ = {isa = PBXBuildFile; fileRef = B52B76DF27A6AC43002BFFB6 /* BaseVC.swift */; };
		B52B76E227A6AC5D002BFFB6 /* BaseView.swift in Sources */ = {isa = PBXBuildFile; fileRef = B52B76E127A6AC5D002BFFB6 /* BaseView.swift */; };
		B52B76E527A6B200002BFFB6 /* OnboardingVC.swift in Sources */ = {isa = PBXBuildFile; fileRef = B52B76E427A6B200002BFFB6 /* OnboardingVC.swift */; };
		B52B76E727A6B20A002BFFB6 /* OnboardingView.swift in Sources */ = {isa = PBXBuildFile; fileRef = B52B76E627A6B20A002BFFB6 /* OnboardingView.swift */; };
		B52B76EA27A6B3F4002BFFB6 /* AlefData.swift in Sources */ = {isa = PBXBuildFile; fileRef = B52B76E927A6B3F4002BFFB6 /* AlefData.swift */; };
		B52B76EE27A6B5B2002BFFB6 /* Localizer.swift in Sources */ = {isa = PBXBuildFile; fileRef = B52B76ED27A6B5B2002BFFB6 /* Localizer.swift */; };
		B52B76F027A6B5C6002BFFB6 /* AppSettings.swift in Sources */ = {isa = PBXBuildFile; fileRef = B52B76EF27A6B5C6002BFFB6 /* AppSettings.swift */; };
		B52B76F227A6B5F0002BFFB6 /* Theme.swift in Sources */ = {isa = PBXBuildFile; fileRef = B52B76F127A6B5F0002BFFB6 /* Theme.swift */; };
		B52B76F427A6B62C002BFFB6 /* UIButton.swift in Sources */ = {isa = PBXBuildFile; fileRef = B52B76F327A6B62C002BFFB6 /* UIButton.swift */; };
		B52B76F627A6B655002BFFB6 /* Presenter.swift in Sources */ = {isa = PBXBuildFile; fileRef = B52B76F527A6B655002BFFB6 /* Presenter.swift */; };
		B52B76F827A6B6C6002BFFB6 /* WebViewController.swift in Sources */ = {isa = PBXBuildFile; fileRef = B52B76F727A6B6C6002BFFB6 /* WebViewController.swift */; };
		B52B76FC27A6BB21002BFFB6 /* terms.html in Resources */ = {isa = PBXBuildFile; fileRef = B52B76FB27A6BB21002BFFB6 /* terms.html */; };
		B52B76FE27A6BB3A002BFFB6 /* privacy.html in Resources */ = {isa = PBXBuildFile; fileRef = B52B76FD27A6BB3A002BFFB6 /* privacy.html */; };
		B52B770227A6D858002BFFB6 /* Localizable.strings in Resources */ = {isa = PBXBuildFile; fileRef = B52B770427A6D858002BFFB6 /* Localizable.strings */; };
		B5CD761B27A6DC1500E1AEB4 /* Reminder.swift in Sources */ = {isa = PBXBuildFile; fileRef = B5CD761A27A6DC1500E1AEB4 /* Reminder.swift */; };
		B5CD761D27A6DC6600E1AEB4 /* Log.swift in Sources */ = {isa = PBXBuildFile; fileRef = B5CD761C27A6DC6600E1AEB4 /* Log.swift */; };
/* End PBXBuildFile section */

/* Begin PBXFileReference section */
		B52B76C627A6ABBE002BFFB6 /* TemplateProject.app */ = {isa = PBXFileReference; explicitFileType = wrapper.application; includeInIndex = 0; path = TemplateProject.app; sourceTree = BUILT_PRODUCTS_DIR; };
		B52B76C927A6ABBE002BFFB6 /* AppDelegate.swift */ = {isa = PBXFileReference; lastKnownFileType = sourcecode.swift; path = AppDelegate.swift; sourceTree = "<group>"; };
		B52B76CB27A6ABBE002BFFB6 /* SceneDelegate.swift */ = {isa = PBXFileReference; lastKnownFileType = sourcecode.swift; path = SceneDelegate.swift; sourceTree = "<group>"; };
		B52B76D227A6ABC0002BFFB6 /* Assets.xcassets */ = {isa = PBXFileReference; lastKnownFileType = folder.assetcatalog; path = Assets.xcassets; sourceTree = "<group>"; };
		B52B76D527A6ABC0002BFFB6 /* Base */ = {isa = PBXFileReference; lastKnownFileType = file.storyboard; name = Base; path = Base.lproj/LaunchScreen.storyboard; sourceTree = "<group>"; };
		B52B76D727A6ABC0002BFFB6 /* Info.plist */ = {isa = PBXFileReference; lastKnownFileType = text.plist.xml; path = Info.plist; sourceTree = "<group>"; };
		B52B76DF27A6AC43002BFFB6 /* BaseVC.swift */ = {isa = PBXFileReference; lastKnownFileType = sourcecode.swift; path = BaseVC.swift; sourceTree = "<group>"; };
		B52B76E127A6AC5D002BFFB6 /* BaseView.swift */ = {isa = PBXFileReference; lastKnownFileType = sourcecode.swift; path = BaseView.swift; sourceTree = "<group>"; };
		B52B76E427A6B200002BFFB6 /* OnboardingVC.swift */ = {isa = PBXFileReference; lastKnownFileType = sourcecode.swift; path = OnboardingVC.swift; sourceTree = "<group>"; };
		B52B76E627A6B20A002BFFB6 /* OnboardingView.swift */ = {isa = PBXFileReference; lastKnownFileType = sourcecode.swift; path = OnboardingView.swift; sourceTree = "<group>"; };
		B52B76E927A6B3F4002BFFB6 /* AlefData.swift */ = {isa = PBXFileReference; lastKnownFileType = sourcecode.swift; path = AlefData.swift; sourceTree = "<group>"; };
		B52B76ED27A6B5B2002BFFB6 /* Localizer.swift */ = {isa = PBXFileReference; lastKnownFileType = sourcecode.swift; path = Localizer.swift; sourceTree = "<group>"; };
		B52B76EF27A6B5C6002BFFB6 /* AppSettings.swift */ = {isa = PBXFileReference; lastKnownFileType = sourcecode.swift; path = AppSettings.swift; sourceTree = "<group>"; };
		B52B76F127A6B5F0002BFFB6 /* Theme.swift */ = {isa = PBXFileReference; lastKnownFileType = sourcecode.swift; path = Theme.swift; sourceTree = "<group>"; };
		B52B76F327A6B62C002BFFB6 /* UIButton.swift */ = {isa = PBXFileReference; lastKnownFileType = sourcecode.swift; path = UIButton.swift; sourceTree = "<group>"; };
		B52B76F527A6B655002BFFB6 /* Presenter.swift */ = {isa = PBXFileReference; lastKnownFileType = sourcecode.swift; path = Presenter.swift; sourceTree = "<group>"; };
		B52B76F727A6B6C6002BFFB6 /* WebViewController.swift */ = {isa = PBXFileReference; lastKnownFileType = sourcecode.swift; path = WebViewController.swift; sourceTree = "<group>"; };
		B52B76FB27A6BB21002BFFB6 /* terms.html */ = {isa = PBXFileReference; lastKnownFileType = text.html; path = terms.html; sourceTree = "<group>"; };
		B52B76FD27A6BB3A002BFFB6 /* privacy.html */ = {isa = PBXFileReference; lastKnownFileType = text.html; path = privacy.html; sourceTree = "<group>"; };
		B52B770327A6D858002BFFB6 /* en */ = {isa = PBXFileReference; lastKnownFileType = text.plist.strings; name = en; path = en.lproj/Localizable.strings; sourceTree = "<group>"; };
		B52B770527A6D88F002BFFB6 /* ru */ = {isa = PBXFileReference; lastKnownFileType = text.plist.strings; name = ru; path = ru.lproj/LaunchScreen.strings; sourceTree = "<group>"; };
		B52B770627A6D88F002BFFB6 /* ru */ = {isa = PBXFileReference; lastKnownFileType = text.plist.strings; name = ru; path = ru.lproj/Localizable.strings; sourceTree = "<group>"; };
		B5CD761A27A6DC1500E1AEB4 /* Reminder.swift */ = {isa = PBXFileReference; lastKnownFileType = sourcecode.swift; path = Reminder.swift; sourceTree = "<group>"; };
		B5CD761C27A6DC6600E1AEB4 /* Log.swift */ = {isa = PBXFileReference; lastKnownFileType = sourcecode.swift; path = Log.swift; sourceTree = "<group>"; };
/* End PBXFileReference section */

/* Begin PBXFrameworksBuildPhase section */
		B52B76C327A6ABBE002BFFB6 /* Frameworks */ = {
			isa = PBXFrameworksBuildPhase;
			buildActionMask = 2147483647;
			files = (
			);
			runOnlyForDeploymentPostprocessing = 0;
		};
/* End PBXFrameworksBuildPhase section */

/* Begin PBXGroup section */
		B52B76BD27A6ABBE002BFFB6 = {
			isa = PBXGroup;
			children = (
				B52B76C827A6ABBE002BFFB6 /* TemplateProject */,
				B52B76C727A6ABBE002BFFB6 /* Products */,
			);
			sourceTree = "<group>";
		};
		B52B76C727A6ABBE002BFFB6 /* Products */ = {
			isa = PBXGroup;
			children = (
				B52B76C627A6ABBE002BFFB6 /* TemplateProject.app */,
			);
			name = Products;
			sourceTree = "<group>";
		};
		B52B76C827A6ABBE002BFFB6 /* TemplateProject */ = {
			isa = PBXGroup;
			children = (
				B52B76D727A6ABC0002BFFB6 /* Info.plist */,
				B52B76DD27A6ABD5002BFFB6 /* App */,
				B52B76EC27A6B590002BFFB6 /* Helpers */,
				B52B76DE27A6ABE6002BFFB6 /* Resources */,
				B52B76EB27A6B588002BFFB6 /* Screens */,
			);
			path = TemplateProject;
			sourceTree = "<group>";
		};
		B52B76DD27A6ABD5002BFFB6 /* App */ = {
			isa = PBXGroup;
			children = (
				B52B76E327A6AC64002BFFB6 /* Base */,
				B52B76C927A6ABBE002BFFB6 /* AppDelegate.swift */,
				B52B76CB27A6ABBE002BFFB6 /* SceneDelegate.swift */,
			);
			path = App;
			sourceTree = "<group>";
		};
		B52B76DE27A6ABE6002BFFB6 /* Resources */ = {
			isa = PBXGroup;
			children = (
				B52B76FF27A6BB4E002BFFB6 /* HTML */,
				B52B76D227A6ABC0002BFFB6 /* Assets.xcassets */,
				B52B76D427A6ABC0002BFFB6 /* LaunchScreen.storyboard */,
				B52B770427A6D858002BFFB6 /* Localizable.strings */,
			);
			path = Resources;
			sourceTree = "<group>";
		};
		B52B76E327A6AC64002BFFB6 /* Base */ = {
			isa = PBXGroup;
			children = (
				B52B76DF27A6AC43002BFFB6 /* BaseVC.swift */,
				B52B76E127A6AC5D002BFFB6 /* BaseView.swift */,
			);
			path = Base;
			sourceTree = "<group>";
		};
		B52B76E827A6B338002BFFB6 /* Onboarding */ = {
			isa = PBXGroup;
			children = (
				B52B76E427A6B200002BFFB6 /* OnboardingVC.swift */,
				B52B76E627A6B20A002BFFB6 /* OnboardingView.swift */,
			);
			path = Onboarding;
			sourceTree = "<group>";
		};
		B52B76EB27A6B588002BFFB6 /* Screens */ = {
			isa = PBXGroup;
			children = (
				B52B76E827A6B338002BFFB6 /* Onboarding */,
			);
			path = Screens;
			sourceTree = "<group>";
		};
		B52B76EC27A6B590002BFFB6 /* Helpers */ = {
			isa = PBXGroup;
			children = (
				B52B76E927A6B3F4002BFFB6 /* AlefData.swift */,
				B52B76ED27A6B5B2002BFFB6 /* Localizer.swift */,
				B52B76EF27A6B5C6002BFFB6 /* AppSettings.swift */,
				B52B76F127A6B5F0002BFFB6 /* Theme.swift */,
				B52B76F327A6B62C002BFFB6 /* UIButton.swift */,
				B52B76F527A6B655002BFFB6 /* Presenter.swift */,
				B52B76F727A6B6C6002BFFB6 /* WebViewController.swift */,
				B5CD761A27A6DC1500E1AEB4 /* Reminder.swift */,
				B5CD761C27A6DC6600E1AEB4 /* Log.swift */,
			);
			path = Helpers;
			sourceTree = "<group>";
		};
		B52B76FF27A6BB4E002BFFB6 /* HTML */ = {
			isa = PBXGroup;
			children = (
				B52B76FB27A6BB21002BFFB6 /* terms.html */,
				B52B76FD27A6BB3A002BFFB6 /* privacy.html */,
			);
			path = HTML;
			sourceTree = "<group>";
		};
/* End PBXGroup section */

/* Begin PBXNativeTarget section */
		B52B76C527A6ABBE002BFFB6 /* TemplateProject */ = {
			isa = PBXNativeTarget;
			buildConfigurationList = B52B76DA27A6ABC0002BFFB6 /* Build configuration list for PBXNativeTarget "TemplateProject" */;
			buildPhases = (
				B52B76C227A6ABBE002BFFB6 /* Sources */,
				B52B76C327A6ABBE002BFFB6 /* Frameworks */,
				B52B76C427A6ABBE002BFFB6 /* Resources */,
			);
			buildRules = (
			);
			dependencies = (
			);
			name = TemplateProject;
			productName = TemplateProject;
			productReference = B52B76C627A6ABBE002BFFB6 /* TemplateProject.app */;
			productType = "com.apple.product-type.application";
		};
/* End PBXNativeTarget section */

/* Begin PBXProject section */
		B52B76BE27A6ABBE002BFFB6 /* Project object */ = {
			isa = PBXProject;
			attributes = {
				BuildIndependentTargetsInParallel = 1;
				LastSwiftUpdateCheck = 1310;
				LastUpgradeCheck = 1310;
				TargetAttributes = {
					B52B76C527A6ABBE002BFFB6 = {
						CreatedOnToolsVersion = 13.1;
					};
				};
			};
			buildConfigurationList = B52B76C127A6ABBE002BFFB6 /* Build configuration list for PBXProject "TemplateProject" */;
			compatibilityVersion = "Xcode 13.0";
			developmentRegion = en;
			hasScannedForEncodings = 0;
			knownRegions = (
				en,
				Base,
				ru,
			);
			mainGroup = B52B76BD27A6ABBE002BFFB6;
			productRefGroup = B52B76C727A6ABBE002BFFB6 /* Products */;
			projectDirPath = "";
			projectRoot = "";
			targets = (
				B52B76C527A6ABBE002BFFB6 /* TemplateProject */,
			);
		};
/* End PBXProject section */

/* Begin PBXResourcesBuildPhase section */
		B52B76C427A6ABBE002BFFB6 /* Resources */ = {
			isa = PBXResourcesBuildPhase;
			buildActionMask = 2147483647;
			files = (
				B52B770227A6D858002BFFB6 /* Localizable.strings in Resources */,
				B52B76D627A6ABC0002BFFB6 /* LaunchScreen.storyboard in Resources */,
				B52B76FE27A6BB3A002BFFB6 /* privacy.html in Resources */,
				B52B76D327A6ABC0002BFFB6 /* Assets.xcassets in Resources */,
				B52B76FC27A6BB21002BFFB6 /* terms.html in Resources */,
			);
			runOnlyForDeploymentPostprocessing = 0;
		};
/* End PBXResourcesBuildPhase section */

/* Begin PBXSourcesBuildPhase section */
		B52B76C227A6ABBE002BFFB6 /* Sources */ = {
			isa = PBXSourcesBuildPhase;
			buildActionMask = 2147483647;
			files = (
				B52B76E027A6AC43002BFFB6 /* BaseVC.swift in Sources */,
				B5CD761B27A6DC1500E1AEB4 /* Reminder.swift in Sources */,
				B5CD761D27A6DC6600E1AEB4 /* Log.swift in Sources */,
				B52B76CA27A6ABBE002BFFB6 /* AppDelegate.swift in Sources */,
				B52B76E527A6B200002BFFB6 /* OnboardingVC.swift in Sources */,
				B52B76E727A6B20A002BFFB6 /* OnboardingView.swift in Sources */,
				B52B76EA27A6B3F4002BFFB6 /* AlefData.swift in Sources */,
				B52B76F027A6B5C6002BFFB6 /* AppSettings.swift in Sources */,
				B52B76F627A6B655002BFFB6 /* Presenter.swift in Sources */,
				B52B76CC27A6ABBE002BFFB6 /* SceneDelegate.swift in Sources */,
				B52B76F227A6B5F0002BFFB6 /* Theme.swift in Sources */,
				B52B76F427A6B62C002BFFB6 /* UIButton.swift in Sources */,
				B52B76E227A6AC5D002BFFB6 /* BaseView.swift in Sources */,
				B52B76F827A6B6C6002BFFB6 /* WebViewController.swift in Sources */,
				B52B76EE27A6B5B2002BFFB6 /* Localizer.swift in Sources */,
			);
			runOnlyForDeploymentPostprocessing = 0;
		};
/* End PBXSourcesBuildPhase section */

/* Begin PBXVariantGroup section */
		B52B76D427A6ABC0002BFFB6 /* LaunchScreen.storyboard */ = {
			isa = PBXVariantGroup;
			children = (
				B52B76D527A6ABC0002BFFB6 /* Base */,
				B52B770527A6D88F002BFFB6 /* ru */,
			);
			name = LaunchScreen.storyboard;
			sourceTree = "<group>";
		};
		B52B770427A6D858002BFFB6 /* Localizable.strings */ = {
			isa = PBXVariantGroup;
			children = (
				B52B770327A6D858002BFFB6 /* en */,
				B52B770627A6D88F002BFFB6 /* ru */,
			);
			name = Localizable.strings;
			sourceTree = "<group>";
		};
/* End PBXVariantGroup section */

/* Begin XCBuildConfiguration section */
		B52B76D827A6ABC0002BFFB6 /* Debug */ = {
			isa = XCBuildConfiguration;
			buildSettings = {
				ALWAYS_SEARCH_USER_PATHS = NO;
				CLANG_ANALYZER_LOCALIZABILITY_NONLOCALIZED = YES;
				CLANG_ANALYZER_NONNULL = YES;
				CLANG_ANALYZER_NUMBER_OBJECT_CONVERSION = YES_AGGRESSIVE;
				CLANG_CXX_LANGUAGE_STANDARD = "gnu++17";
				CLANG_CXX_LIBRARY = "libc++";
				CLANG_ENABLE_MODULES = YES;
				CLANG_ENABLE_OBJC_ARC = YES;
				CLANG_ENABLE_OBJC_WEAK = YES;
				CLANG_WARN_BLOCK_CAPTURE_AUTORELEASING = YES;
				CLANG_WARN_BOOL_CONVERSION = YES;
				CLANG_WARN_COMMA = YES;
				CLANG_WARN_CONSTANT_CONVERSION = YES;
				CLANG_WARN_DEPRECATED_OBJC_IMPLEMENTATIONS = YES;
				CLANG_WARN_DIRECT_OBJC_ISA_USAGE = YES_ERROR;
				CLANG_WARN_DOCUMENTATION_COMMENTS = YES;
				CLANG_WARN_EMPTY_BODY = YES;
				CLANG_WARN_ENUM_CONVERSION = YES;
				CLANG_WARN_INFINITE_RECURSION = YES;
				CLANG_WARN_INT_CONVERSION = YES;
				CLANG_WARN_NON_LITERAL_NULL_CONVERSION = YES;
				CLANG_WARN_OBJC_IMPLICIT_RETAIN_SELF = YES;
				CLANG_WARN_OBJC_LITERAL_CONVERSION = YES;
				CLANG_WARN_OBJC_ROOT_CLASS = YES_ERROR;
				CLANG_WARN_QUOTED_INCLUDE_IN_FRAMEWORK_HEADER = YES;
				CLANG_WARN_RANGE_LOOP_ANALYSIS = YES;
				CLANG_WARN_STRICT_PROTOTYPES = YES;
				CLANG_WARN_SUSPICIOUS_MOVE = YES;
				CLANG_WARN_UNGUARDED_AVAILABILITY = YES_AGGRESSIVE;
				CLANG_WARN_UNREACHABLE_CODE = YES;
				CLANG_WARN__DUPLICATE_METHOD_MATCH = YES;
				COPY_PHASE_STRIP = NO;
				DEBUG_INFORMATION_FORMAT = dwarf;
				ENABLE_STRICT_OBJC_MSGSEND = YES;
				ENABLE_TESTABILITY = YES;
				GCC_C_LANGUAGE_STANDARD = gnu11;
				GCC_DYNAMIC_NO_PIC = NO;
				GCC_NO_COMMON_BLOCKS = YES;
				GCC_OPTIMIZATION_LEVEL = 0;
				GCC_PREPROCESSOR_DEFINITIONS = (
					"DEBUG=1",
					"$(inherited)",
				);
				GCC_WARN_64_TO_32_BIT_CONVERSION = YES;
				GCC_WARN_ABOUT_RETURN_TYPE = YES_ERROR;
				GCC_WARN_UNDECLARED_SELECTOR = YES;
				GCC_WARN_UNINITIALIZED_AUTOS = YES_AGGRESSIVE;
				GCC_WARN_UNUSED_FUNCTION = YES;
				GCC_WARN_UNUSED_VARIABLE = YES;
				IPHONEOS_DEPLOYMENT_TARGET = 13.0;
				MTL_ENABLE_DEBUG_INFO = INCLUDE_SOURCE;
				MTL_FAST_MATH = YES;
				ONLY_ACTIVE_ARCH = YES;
				SDKROOT = iphoneos;
				SWIFT_ACTIVE_COMPILATION_CONDITIONS = DEBUG;
				SWIFT_OPTIMIZATION_LEVEL = "-Onone";
			};
			name = Debug;
		};
		B52B76D927A6ABC0002BFFB6 /* Release */ = {
			isa = XCBuildConfiguration;
			buildSettings = {
				ALWAYS_SEARCH_USER_PATHS = NO;
				CLANG_ANALYZER_LOCALIZABILITY_NONLOCALIZED = YES;
				CLANG_ANALYZER_NONNULL = YES;
				CLANG_ANALYZER_NUMBER_OBJECT_CONVERSION = YES_AGGRESSIVE;
				CLANG_CXX_LANGUAGE_STANDARD = "gnu++17";
				CLANG_CXX_LIBRARY = "libc++";
				CLANG_ENABLE_MODULES = YES;
				CLANG_ENABLE_OBJC_ARC = YES;
				CLANG_ENABLE_OBJC_WEAK = YES;
				CLANG_WARN_BLOCK_CAPTURE_AUTORELEASING = YES;
				CLANG_WARN_BOOL_CONVERSION = YES;
				CLANG_WARN_COMMA = YES;
				CLANG_WARN_CONSTANT_CONVERSION = YES;
				CLANG_WARN_DEPRECATED_OBJC_IMPLEMENTATIONS = YES;
				CLANG_WARN_DIRECT_OBJC_ISA_USAGE = YES_ERROR;
				CLANG_WARN_DOCUMENTATION_COMMENTS = YES;
				CLANG_WARN_EMPTY_BODY = YES;
				CLANG_WARN_ENUM_CONVERSION = YES;
				CLANG_WARN_INFINITE_RECURSION = YES;
				CLANG_WARN_INT_CONVERSION = YES;
				CLANG_WARN_NON_LITERAL_NULL_CONVERSION = YES;
				CLANG_WARN_OBJC_IMPLICIT_RETAIN_SELF = YES;
				CLANG_WARN_OBJC_LITERAL_CONVERSION = YES;
				CLANG_WARN_OBJC_ROOT_CLASS = YES_ERROR;
				CLANG_WARN_QUOTED_INCLUDE_IN_FRAMEWORK_HEADER = YES;
				CLANG_WARN_RANGE_LOOP_ANALYSIS = YES;
				CLANG_WARN_STRICT_PROTOTYPES = YES;
				CLANG_WARN_SUSPICIOUS_MOVE = YES;
				CLANG_WARN_UNGUARDED_AVAILABILITY = YES_AGGRESSIVE;
				CLANG_WARN_UNREACHABLE_CODE = YES;
				CLANG_WARN__DUPLICATE_METHOD_MATCH = YES;
				COPY_PHASE_STRIP = NO;
				DEBUG_INFORMATION_FORMAT = "dwarf-with-dsym";
				ENABLE_NS_ASSERTIONS = NO;
				ENABLE_STRICT_OBJC_MSGSEND = YES;
				GCC_C_LANGUAGE_STANDARD = gnu11;
				GCC_NO_COMMON_BLOCKS = YES;
				GCC_WARN_64_TO_32_BIT_CONVERSION = YES;
				GCC_WARN_ABOUT_RETURN_TYPE = YES_ERROR;
				GCC_WARN_UNDECLARED_SELECTOR = YES;
				GCC_WARN_UNINITIALIZED_AUTOS = YES_AGGRESSIVE;
				GCC_WARN_UNUSED_FUNCTION = YES;
				GCC_WARN_UNUSED_VARIABLE = YES;
				IPHONEOS_DEPLOYMENT_TARGET = 13.0;
				MTL_ENABLE_DEBUG_INFO = NO;
				MTL_FAST_MATH = YES;
				SDKROOT = iphoneos;
				SWIFT_COMPILATION_MODE = wholemodule;
				SWIFT_OPTIMIZATION_LEVEL = "-O";
				VALIDATE_PRODUCT = YES;
			};
			name = Release;
		};
		B52B76DB27A6ABC0002BFFB6 /* Debug */ = {
			isa = XCBuildConfiguration;
			buildSettings = {
				ASSETCATALOG_COMPILER_APPICON_NAME = AppIcon;
				ASSETCATALOG_COMPILER_GLOBAL_ACCENT_COLOR_NAME = AccentColor;
				CODE_SIGN_STYLE = Automatic;
				CURRENT_PROJECT_VERSION = 1;
				DEVELOPMENT_TEAM = 95D67VXK3X;
				GENERATE_INFOPLIST_FILE = YES;
				INFOPLIST_FILE = TemplateProject/Info.plist;
				INFOPLIST_KEY_UIApplicationSupportsIndirectInputEvents = YES;
				INFOPLIST_KEY_UILaunchStoryboardName = LaunchScreen;
				INFOPLIST_KEY_UIMainStoryboardFile = Main;
				INFOPLIST_KEY_UISupportedInterfaceOrientations_iPad = "UIInterfaceOrientationPortrait UIInterfaceOrientationPortraitUpsideDown UIInterfaceOrientationLandscapeLeft UIInterfaceOrientationLandscapeRight";
				INFOPLIST_KEY_UISupportedInterfaceOrientations_iPhone = "UIInterfaceOrientationPortrait UIInterfaceOrientationLandscapeLeft UIInterfaceOrientationLandscapeRight";
				LD_RUNPATH_SEARCH_PATHS = (
					"$(inherited)",
					"@executable_path/Frameworks",
				);
				MARKETING_VERSION = 1.0;
				PRODUCT_BUNDLE_IDENTIFIER = ru.mustdev.TemplateProject;
				PRODUCT_NAME = "$(TARGET_NAME)";
				SWIFT_EMIT_LOC_STRINGS = YES;
				SWIFT_VERSION = 5.0;
				TARGETED_DEVICE_FAMILY = "1,2";
			};
			name = Debug;
		};
		B52B76DC27A6ABC0002BFFB6 /* Release */ = {
			isa = XCBuildConfiguration;
			buildSettings = {
				ASSETCATALOG_COMPILER_APPICON_NAME = AppIcon;
				ASSETCATALOG_COMPILER_GLOBAL_ACCENT_COLOR_NAME = AccentColor;
				CODE_SIGN_STYLE = Automatic;
				CURRENT_PROJECT_VERSION = 1;
				DEVELOPMENT_TEAM = 95D67VXK3X;
				GENERATE_INFOPLIST_FILE = YES;
				INFOPLIST_FILE = TemplateProject/Info.plist;
				INFOPLIST_KEY_UIApplicationSupportsIndirectInputEvents = YES;
				INFOPLIST_KEY_UILaunchStoryboardName = LaunchScreen;
				INFOPLIST_KEY_UIMainStoryboardFile = Main;
				INFOPLIST_KEY_UISupportedInterfaceOrientations_iPad = "UIInterfaceOrientationPortrait UIInterfaceOrientationPortraitUpsideDown UIInterfaceOrientationLandscapeLeft UIInterfaceOrientationLandscapeRight";
				INFOPLIST_KEY_UISupportedInterfaceOrientations_iPhone = "UIInterfaceOrientationPortrait UIInterfaceOrientationLandscapeLeft UIInterfaceOrientationLandscapeRight";
				LD_RUNPATH_SEARCH_PATHS = (
					"$(inherited)",
					"@executable_path/Frameworks",
				);
				MARKETING_VERSION = 1.0;
				PRODUCT_BUNDLE_IDENTIFIER = ru.mustdev.TemplateProject;
				PRODUCT_NAME = "$(TARGET_NAME)";
				SWIFT_EMIT_LOC_STRINGS = YES;
				SWIFT_VERSION = 5.0;
				TARGETED_DEVICE_FAMILY = "1,2";
			};
			name = Release;
		};
/* End XCBuildConfiguration section */

/* Begin XCConfigurationList section */
		B52B76C127A6ABBE002BFFB6 /* Build configuration list for PBXProject "TemplateProject" */ = {
			isa = XCConfigurationList;
			buildConfigurations = (
				B52B76D827A6ABC0002BFFB6 /* Debug */,
				B52B76D927A6ABC0002BFFB6 /* Release */,
			);
			defaultConfigurationIsVisible = 0;
			defaultConfigurationName = Release;
		};
		B52B76DA27A6ABC0002BFFB6 /* Build configuration list for PBXNativeTarget "TemplateProject" */ = {
			isa = XCConfigurationList;
			buildConfigurations = (
				B52B76DB27A6ABC0002BFFB6 /* Debug */,
				B52B76DC27A6ABC0002BFFB6 /* Release */,
			);
			defaultConfigurationIsVisible = 0;
			defaultConfigurationName = Release;
		};
/* End XCConfigurationList section */
	};
	rootObject = B52B76BE27A6ABBE002BFFB6 /* Project object */;
}
